
Microsoft Visual Studio Solution File, Format Version 12.00
# Visual Studio 15
VisualStudioVersion = 15.0.27130.2024
MinimumVisualStudioVersion = 10.0.40219.1
Project("{FAE04EC0-301F-11D3-BF4B-00C04F79EFBC}") = "TypeSupport.Test", "TypeSupport.Test\TypeSupport.Test.csproj", "{B7347DB4-AA88-4F6C-8B15-B2E5291E436A}"
EndProject
Project("{9A19103F-16F7-4668-BE54-9A1E7A4F7556}") = "TypeSupport", "TypeSupport\TypeSupport.csproj", "{D8DC2FDF-E0D6-4CAA-B122-02022C3F95E4}"
EndProject
Global
	GlobalSection(SolutionConfigurationPlatforms) = preSolution
		Debug|Any CPU = Debug|Any CPU
		Release|Any CPU = Release|Any CPU
	EndGlobalSection
	GlobalSection(ProjectConfigurationPlatforms) = postSolution
		{B7347DB4-AA88-4F6C-8B15-B2E5291E436A}.Debug|Any CPU.ActiveCfg = Debug|Any CPU
		{B7347DB4-AA88-4F6C-8B15-B2E5291E436A}.Debug|Any CPU.Build.0 = Debug|Any CPU
		{B7347DB4-AA88-4F6C-8B15-B2E5291E436A}.Release|Any CPU.ActiveCfg = Release|Any CPU
		{B7347DB4-AA88-4F6C-8B15-B2E5291E436A}.Release|Any CPU.Build.0 = Release|Any CPU
		{D8DC2FDF-E0D6-4CAA-B122-02022C3F95E4}.Debug|Any CPU.ActiveCfg = Debug|Any CPU
		{D8DC2FDF-E0D6-4CAA-B122-02022C3F95E4}.Debug|Any CPU.Build.0 = Debug|Any CPU
		{D8DC2FDF-E0D6-4CAA-B122-02022C3F95E4}.Release|Any CPU.ActiveCfg = Release|Any CPU
		{D8DC2FDF-E0D6-4CAA-B122-02022C3F95E4}.Release|Any CPU.Build.0 = Release|Any CPU
	EndGlobalSection
	GlobalSection(SolutionProperties) = preSolution
		HideSolutionNode = FALSE
	EndGlobalSection
	GlobalSection(ExtensibilityGlobals) = postSolution
		SolutionGuid = {38ED270D-5512-4610-8E68-C28D3DF2E4BC}
	EndGlobalSection
EndGlobal
